PODS:
  - BMSAnalytics (1.0.2):
    - BMSCore (= 1.0.3)
  - BMSAnalyticsAPI (1.0.1)
  - BMSCore (1.0.3):
    - BMSAnalyticsAPI (= 1.0.1)

DEPENDENCIES:
  - BMSAnalytics
  - BMSCore (~> 1.0.3)

SPEC CHECKSUMS:
  BMSAnalytics: 473f0edbb877e0dc50d8b82952ada35f569b4c42
  BMSAnalyticsAPI: 50f5cec71a5ad0a9af232a833d6d37c2abda54ac
  BMSCore: c95e39a4a115fd6fc26496b1473935df82a6bfa3

PODFILE CHECKSUM: 869f45562ef1f9c56e04579a5cf63d7ad91e0200

COCOAPODS: 1.1.0.beta.1
