// !$*UTF8*$!
{
	archiveVersion = 1;
	classes = {
	};
	objectVersion = 46;
	objects = {

/* Begin PBXBuildFile section */
		832CBC5C1CFEA27600601D5C /* AppDelegate.swift in Sources */ = {isa = PBXBuildFile; fileRef = 832CBC5B1CFEA27600601D5C /* AppDelegate.swift */; };
		832CBC611CFEA27600601D5C /* Main.storyboard in Resources */ = {isa = PBXBuildFile; fileRef = 832CBC5F1CFEA27600601D5C /* Main.storyboard */; };
		832CBC631CFEA27600601D5C /* Assets.xcassets in Resources */ = {isa = PBXBuildFile; fileRef = 832CBC621CFEA27600601D5C /* Assets.xcassets */; };
		832CBC661CFEA27600601D5C /* LaunchScreen.storyboard in Resources */ = {isa = PBXBuildFile; fileRef = 832CBC641CFEA27600601D5C /* LaunchScreen.storyboard */; };
		832CBC6E1CFF3BC200601D5C /* ItemsViewController.swift in Sources */ = {isa = PBXBuildFile; fileRef = 832CBC6D1CFF3BC200601D5C /* ItemsViewController.swift */; };
		83D911821CFF88AC00AD98E3 /* ItemCell.swift in Sources */ = {isa = PBXBuildFile; fileRef = 83D911811CFF88AC00AD98E3 /* ItemCell.swift */; };
		83D911841CFF9ACB00AD98E3 /* DetailViewController.swift in Sources */ = {isa = PBXBuildFile; fileRef = 83D911831CFF9ACB00AD98E3 /* DetailViewController.swift */; };
		83D911881CFFC54D00AD98E3 /* Review.swift in Sources */ = {isa = PBXBuildFile; fileRef = 83D911871CFFC54D00AD98E3 /* Review.swift */; };
		83D9118A1CFFCF1200AD98E3 /* ReviewCell.swift in Sources */ = {isa = PBXBuildFile; fileRef = 83D911891CFFCF1200AD98E3 /* ReviewCell.swift */; };
		83D9118C1D00799700AD98E3 /* AddReviewController.swift in Sources */ = {isa = PBXBuildFile; fileRef = 83D9118B1D00799700AD98E3 /* AddReviewController.swift */; };
		83D911A61D00815700AD98E3 /* AuthzModule.swift in Sources */ = {isa = PBXBuildFile; fileRef = 83D9118E1D00815700AD98E3 /* AuthzModule.swift */; };
		83D911A71D00815700AD98E3 /* Http.swift in Sources */ = {isa = PBXBuildFile; fileRef = 83D9118F1D00815700AD98E3 /* Http.swift */; };
		83D911A81D00815700AD98E3 /* HttpRequestSerializer.swift in Sources */ = {isa = PBXBuildFile; fileRef = 83D911901D00815700AD98E3 /* HttpRequestSerializer.swift */; };
		83D911A91D00815700AD98E3 /* JsonRequestSerializer.swift in Sources */ = {isa = PBXBuildFile; fileRef = 83D911911D00815700AD98E3 /* JsonRequestSerializer.swift */; };
		83D911AA1D00815700AD98E3 /* JsonResponseSerializer.swift in Sources */ = {isa = PBXBuildFile; fileRef = 83D911921D00815700AD98E3 /* JsonResponseSerializer.swift */; };
		83D911AB1D00815700AD98E3 /* MultiPartData.swift in Sources */ = {isa = PBXBuildFile; fileRef = 83D911931D00815700AD98E3 /* MultiPartData.swift */; };
		83D911AC1D00815700AD98E3 /* RequestSerializer.swift in Sources */ = {isa = PBXBuildFile; fileRef = 83D911941D00815700AD98E3 /* RequestSerializer.swift */; };
		83D911AD1D00815700AD98E3 /* ResponseSerializer.swift in Sources */ = {isa = PBXBuildFile; fileRef = 83D911951D00815700AD98E3 /* ResponseSerializer.swift */; };
		83D911AE1D00815700AD98E3 /* StringResponseSerializer.swift in Sources */ = {isa = PBXBuildFile; fileRef = 83D911961D00815700AD98E3 /* StringResponseSerializer.swift */; };
		83D911AF1D00815700AD98E3 /* Utils.swift in Sources */ = {isa = PBXBuildFile; fileRef = 83D911971D00815700AD98E3 /* Utils.swift */; };
		83D911B01D00815700AD98E3 /* AccountManager.swift in Sources */ = {isa = PBXBuildFile; fileRef = 83D911991D00815700AD98E3 /* AccountManager.swift */; };
		83D911B11D00815700AD98E3 /* Config.swift in Sources */ = {isa = PBXBuildFile; fileRef = 83D9119A1D00815700AD98E3 /* Config.swift */; };
		83D911B21D00815700AD98E3 /* DateUtils.swift in Sources */ = {isa = PBXBuildFile; fileRef = 83D9119B1D00815700AD98E3 /* DateUtils.swift */; };
		83D911B31D00815700AD98E3 /* FacebookOAuth2Module.swift in Sources */ = {isa = PBXBuildFile; fileRef = 83D9119C1D00815700AD98E3 /* FacebookOAuth2Module.swift */; };
		83D911B41D00815700AD98E3 /* KeycloakOAuth2Module.swift in Sources */ = {isa = PBXBuildFile; fileRef = 83D9119D1D00815700AD98E3 /* KeycloakOAuth2Module.swift */; };
		83D911B51D00815700AD98E3 /* OAuth2Module.swift in Sources */ = {isa = PBXBuildFile; fileRef = 83D9119E1D00815700AD98E3 /* OAuth2Module.swift */; };
		83D911B61D00815700AD98E3 /* OAuth2Session.swift in Sources */ = {isa = PBXBuildFile; fileRef = 83D9119F1D00815700AD98E3 /* OAuth2Session.swift */; };
		83D911B71D00815700AD98E3 /* OAuth2WebViewController.swift in Sources */ = {isa = PBXBuildFile; fileRef = 83D911A01D00815700AD98E3 /* OAuth2WebViewController.swift */; };
		83D911B81D00815700AD98E3 /* OpenIDClaim.swift in Sources */ = {isa = PBXBuildFile; fileRef = 83D911A11D00815700AD98E3 /* OpenIDClaim.swift */; };
		83D911B91D00815700AD98E3 /* TrustedPersistantOAuth2Session.swift in Sources */ = {isa = PBXBuildFile; fileRef = 83D911A21D00815700AD98E3 /* TrustedPersistantOAuth2Session.swift */; };
		83D911BA1D00815700AD98E3 /* UntrustedMemoryOAuth2Session.swift in Sources */ = {isa = PBXBuildFile; fileRef = 83D911A31D00815700AD98E3 /* UntrustedMemoryOAuth2Session.swift */; };
		83D911BB1D00815700AD98E3 /* CosmosDistrib.swift in Sources */ = {isa = PBXBuildFile; fileRef = 83D911A51D00815700AD98E3 /* CosmosDistrib.swift */; };
		8850F8E91D0B79D70038924E /* Item.swift in Sources */ = {isa = PBXBuildFile; fileRef = 8850F8E81D0B79D70038924E /* Item.swift */; };
		88BA54591D00C4030013A68F /* Config.plist in Resources */ = {isa = PBXBuildFile; fileRef = 88BA54581D00C4030013A68F /* Config.plist */; };
		88BA545B1D06640E0013A68F /* ApicConfig.swift in Sources */ = {isa = PBXBuildFile; fileRef = 88BA545A1D06640E0013A68F /* ApicConfig.swift */; };
		88BE50891D066AC30094A262 /* ApicOAuth2Module.swift in Sources */ = {isa = PBXBuildFile; fileRef = 88BE50881D066AC30094A262 /* ApicOAuth2Module.swift */; };
		88BFD22E1D75CE66008382B1 /* BMSAnalyticsAPI.framework in Frameworks */ = {isa = PBXBuildFile; fileRef = 88BFD22C1D75CE66008382B1 /* BMSAnalyticsAPI.framework */; };
		88BFD22F1D75CE66008382B1 /* BMSCore.framework in Frameworks */ = {isa = PBXBuildFile; fileRef = 88BFD22D1D75CE66008382B1 /* BMSCore.framework */; };
		A262303066700ADAF403F968 /* Pods_BlueComputeApp.framework in Frameworks */ = {isa = PBXBuildFile; fileRef = 37FEFBC0961B9BB4C74B863D /* Pods_BlueComputeApp.framework */; };
/* End PBXBuildFile section */

/* Begin PBXFileReference section */
		095987BC70B5DCE3E44F26B3 /* Pods-BlueComputeApp.release.xcconfig */ = {isa = PBXFileReference; includeInIndex = 1; lastKnownFileType = text.xcconfig; name = "Pods-BlueComputeApp.release.xcconfig"; path = "Pods/Target Support Files/Pods-BlueComputeApp/Pods-BlueComputeApp.release.xcconfig"; sourceTree = "<group>"; };
		37FEFBC0961B9BB4C74B863D /* Pods_BlueComputeApp.framework */ = {isa = PBXFileReference; explicitFileType = wrapper.framework; includeInIndex = 0; path = Pods_BlueComputeApp.framework; sourceTree = BUILT_PRODUCTS_DIR; };
		832CBC581CFEA27600601D5C /* BlueComputeApp.app */ = {isa = PBXFileReference; explicitFileType = wrapper.application; includeInIndex = 0; path = BlueComputeApp.app; sourceTree = BUILT_PRODUCTS_DIR; };
		832CBC5B1CFEA27600601D5C /* AppDelegate.swift */ = {isa = PBXFileReference; lastKnownFileType = sourcecode.swift; path = AppDelegate.swift; sourceTree = "<group>"; };
		832CBC601CFEA27600601D5C /* Base */ = {isa = PBXFileReference; lastKnownFileType = file.storyboard; name = Base; path = Base.lproj/Main.storyboard; sourceTree = "<group>"; };
		832CBC621CFEA27600601D5C /* Assets.xcassets */ = {isa = PBXFileReference; lastKnownFileType = folder.assetcatalog; path = Assets.xcassets; sourceTree = "<group>"; };
		832CBC651CFEA27600601D5C /* Base */ = {isa = PBXFileReference; lastKnownFileType = file.storyboard; name = Base; path = Base.lproj/LaunchScreen.storyboard; sourceTree = "<group>"; };
		832CBC671CFEA27600601D5C /* Info.plist */ = {isa = PBXFileReference; lastKnownFileType = text.plist.xml; path = Info.plist; sourceTree = "<group>"; };
		832CBC6D1CFF3BC200601D5C /* ItemsViewController.swift */ = {isa = PBXFileReference; fileEncoding = 4; lastKnownFileType = sourcecode.swift; path = ItemsViewController.swift; sourceTree = "<group>"; };
		83D911811CFF88AC00AD98E3 /* ItemCell.swift */ = {isa = PBXFileReference; fileEncoding = 4; lastKnownFileType = sourcecode.swift; path = ItemCell.swift; sourceTree = "<group>"; };
		83D911831CFF9ACB00AD98E3 /* DetailViewController.swift */ = {isa = PBXFileReference; fileEncoding = 4; lastKnownFileType = sourcecode.swift; path = DetailViewController.swift; sourceTree = "<group>"; };
		83D911871CFFC54D00AD98E3 /* Review.swift */ = {isa = PBXFileReference; fileEncoding = 4; lastKnownFileType = sourcecode.swift; path = Review.swift; sourceTree = "<group>"; };
		83D911891CFFCF1200AD98E3 /* ReviewCell.swift */ = {isa = PBXFileReference; fileEncoding = 4; lastKnownFileType = sourcecode.swift; path = ReviewCell.swift; sourceTree = "<group>"; };
		83D9118B1D00799700AD98E3 /* AddReviewController.swift */ = {isa = PBXFileReference; fileEncoding = 4; lastKnownFileType = sourcecode.swift; path = AddReviewController.swift; sourceTree = "<group>"; };
		83D9118E1D00815700AD98E3 /* AuthzModule.swift */ = {isa = PBXFileReference; fileEncoding = 4; lastKnownFileType = sourcecode.swift; path = AuthzModule.swift; sourceTree = "<group>"; };
		83D9118F1D00815700AD98E3 /* Http.swift */ = {isa = PBXFileReference; fileEncoding = 4; lastKnownFileType = sourcecode.swift; path = Http.swift; sourceTree = "<group>"; };
		83D911901D00815700AD98E3 /* HttpRequestSerializer.swift */ = {isa = PBXFileReference; fileEncoding = 4; lastKnownFileType = sourcecode.swift; path = HttpRequestSerializer.swift; sourceTree = "<group>"; };
		83D911911D00815700AD98E3 /* JsonRequestSerializer.swift */ = {isa = PBXFileReference; fileEncoding = 4; lastKnownFileType = sourcecode.swift; path = JsonRequestSerializer.swift; sourceTree = "<group>"; };
		83D911921D00815700AD98E3 /* JsonResponseSerializer.swift */ = {isa = PBXFileReference; fileEncoding = 4; lastKnownFileType = sourcecode.swift; path = JsonResponseSerializer.swift; sourceTree = "<group>"; };
		83D911931D00815700AD98E3 /* MultiPartData.swift */ = {isa = PBXFileReference; fileEncoding = 4; lastKnownFileType = sourcecode.swift; path = MultiPartData.swift; sourceTree = "<group>"; };
		83D911941D00815700AD98E3 /* RequestSerializer.swift */ = {isa = PBXFileReference; fileEncoding = 4; lastKnownFileType = sourcecode.swift; path = RequestSerializer.swift; sourceTree = "<group>"; };
		83D911951D00815700AD98E3 /* ResponseSerializer.swift */ = {isa = PBXFileReference; fileEncoding = 4; lastKnownFileType = sourcecode.swift; path = ResponseSerializer.swift; sourceTree = "<group>"; };
		83D911961D00815700AD98E3 /* StringResponseSerializer.swift */ = {isa = PBXFileReference; fileEncoding = 4; lastKnownFileType = sourcecode.swift; path = StringResponseSerializer.swift; sourceTree = "<group>"; };
		83D911971D00815700AD98E3 /* Utils.swift */ = {isa = PBXFileReference; fileEncoding = 4; lastKnownFileType = sourcecode.swift; path = Utils.swift; sourceTree = "<group>"; };
		83D911991D00815700AD98E3 /* AccountManager.swift */ = {isa = PBXFileReference; fileEncoding = 4; lastKnownFileType = sourcecode.swift; path = AccountManager.swift; sourceTree = "<group>"; };
		83D9119A1D00815700AD98E3 /* Config.swift */ = {isa = PBXFileReference; fileEncoding = 4; lastKnownFileType = sourcecode.swift; path = Config.swift; sourceTree = "<group>"; };
		83D9119B1D00815700AD98E3 /* DateUtils.swift */ = {isa = PBXFileReference; fileEncoding = 4; lastKnownFileType = sourcecode.swift; path = DateUtils.swift; sourceTree = "<group>"; };
		83D9119C1D00815700AD98E3 /* FacebookOAuth2Module.swift */ = {isa = PBXFileReference; fileEncoding = 4; lastKnownFileType = sourcecode.swift; path = FacebookOAuth2Module.swift; sourceTree = "<group>"; };
		83D9119D1D00815700AD98E3 /* KeycloakOAuth2Module.swift */ = {isa = PBXFileReference; fileEncoding = 4; lastKnownFileType = sourcecode.swift; path = KeycloakOAuth2Module.swift; sourceTree = "<group>"; };
		83D9119E1D00815700AD98E3 /* OAuth2Module.swift */ = {isa = PBXFileReference; fileEncoding = 4; lastKnownFileType = sourcecode.swift; path = OAuth2Module.swift; sourceTree = "<group>"; };
		83D9119F1D00815700AD98E3 /* OAuth2Session.swift */ = {isa = PBXFileReference; fileEncoding = 4; lastKnownFileType = sourcecode.swift; path = OAuth2Session.swift; sourceTree = "<group>"; };
		83D911A01D00815700AD98E3 /* OAuth2WebViewController.swift */ = {isa = PBXFileReference; fileEncoding = 4; lastKnownFileType = sourcecode.swift; path = OAuth2WebViewController.swift; sourceTree = "<group>"; };
		83D911A11D00815700AD98E3 /* OpenIDClaim.swift */ = {isa = PBXFileReference; fileEncoding = 4; lastKnownFileType = sourcecode.swift; path = OpenIDClaim.swift; sourceTree = "<group>"; };
		83D911A21D00815700AD98E3 /* TrustedPersistantOAuth2Session.swift */ = {isa = PBXFileReference; fileEncoding = 4; lastKnownFileType = sourcecode.swift; path = TrustedPersistantOAuth2Session.swift; sourceTree = "<group>"; };
		83D911A31D00815700AD98E3 /* UntrustedMemoryOAuth2Session.swift */ = {isa = PBXFileReference; fileEncoding = 4; lastKnownFileType = sourcecode.swift; path = UntrustedMemoryOAuth2Session.swift; sourceTree = "<group>"; };
		83D911A51D00815700AD98E3 /* CosmosDistrib.swift */ = {isa = PBXFileReference; fileEncoding = 4; lastKnownFileType = sourcecode.swift; path = CosmosDistrib.swift; sourceTree = "<group>"; };
		8850F8E81D0B79D70038924E /* Item.swift */ = {isa = PBXFileReference; fileEncoding = 4; lastKnownFileType = sourcecode.swift; path = Item.swift; sourceTree = "<group>"; };
		88BA54581D00C4030013A68F /* Config.plist */ = {isa = PBXFileReference; fileEncoding = 4; lastKnownFileType = text.plist.xml; path = Config.plist; sourceTree = "<group>"; };
		88BA545A1D06640E0013A68F /* ApicConfig.swift */ = {isa = PBXFileReference; fileEncoding = 4; lastKnownFileType = sourcecode.swift; path = ApicConfig.swift; sourceTree = "<group>"; };
		88BE50881D066AC30094A262 /* ApicOAuth2Module.swift */ = {isa = PBXFileReference; fileEncoding = 4; lastKnownFileType = sourcecode.swift; path = ApicOAuth2Module.swift; sourceTree = "<group>"; };
		88BFD22C1D75CE66008382B1 /* BMSAnalyticsAPI.framework */ = {isa = PBXFileReference; lastKnownFileType = wrapper.framework; name = BMSAnalyticsAPI.framework; path = "Pods/../build/Debug-iphoneos/BMSAnalyticsAPI/BMSAnalyticsAPI.framework"; sourceTree = "<group>"; };
		88BFD22D1D75CE66008382B1 /* BMSCore.framework */ = {isa = PBXFileReference; lastKnownFileType = wrapper.framework; name = BMSCore.framework; path = "Pods/../build/Debug-iphoneos/BMSCore/BMSCore.framework"; sourceTree = "<group>"; };
		88ED9F151D75CAFC0029021D /* BMSAnalytics.framework */ = {isa = PBXFileReference; lastKnownFileType = wrapper.framework; name = BMSAnalytics.framework; path = "Pods/../build/Debug-iphoneos/BMSAnalytics.framework"; sourceTree = "<group>"; };
		88ED9F161D75CAFC0029021D /* BMSAnalyticsAPI.framework */ = {isa = PBXFileReference; lastKnownFileType = wrapper.framework; name = BMSAnalyticsAPI.framework; path = "Pods/../build/Debug-iphoneos/BMSAnalyticsAPI.framework"; sourceTree = "<group>"; };
		88ED9F171D75CAFC0029021D /* BMSCore.framework */ = {isa = PBXFileReference; lastKnownFileType = wrapper.framework; name = BMSCore.framework; path = "Pods/../build/Debug-iphoneos/BMSCore.framework"; sourceTree = "<group>"; };
		8AB58A0A684583655A8CA428 /* Pods-BlueComputeApp.debug.xcconfig */ = {isa = PBXFileReference; includeInIndex = 1; lastKnownFileType = text.xcconfig; name = "Pods-BlueComputeApp.debug.xcconfig"; path = "Pods/Target Support Files/Pods-BlueComputeApp/Pods-BlueComputeApp.debug.xcconfig"; sourceTree = "<group>"; };
/* End PBXFileReference section */

/* Begin PBXFrameworksBuildPhase section */
		832CBC551CFEA27600601D5C /* Frameworks */ = {
			isa = PBXFrameworksBuildPhase;
			buildActionMask = 2147483647;
			files = (
				88BFD22E1D75CE66008382B1 /* BMSAnalyticsAPI.framework in Frameworks */,
				88BFD22F1D75CE66008382B1 /* BMSCore.framework in Frameworks */,
				A262303066700ADAF403F968 /* Pods_BlueComputeApp.framework in Frameworks */,
			);
			runOnlyForDeploymentPostprocessing = 0;
		};
/* End PBXFrameworksBuildPhase section */

/* Begin PBXGroup section */
		72839788D8E67BCCF4194CAD /* Pods */ = {
			isa = PBXGroup;
			children = (
				8AB58A0A684583655A8CA428 /* Pods-BlueComputeApp.debug.xcconfig */,
				095987BC70B5DCE3E44F26B3 /* Pods-BlueComputeApp.release.xcconfig */,
			);
			name = Pods;
			sourceTree = "<group>";
		};
		832CBC4F1CFEA27600601D5C = {
			isa = PBXGroup;
			children = (
				83D9118D1D00815700AD98E3 /* AeroGearHttp */,
				83D911981D00815700AD98E3 /* AeroGearOAuth2 */,
				83D911A41D00815700AD98E3 /* Cosmos */,
				832CBC5A1CFEA27600601D5C /* BlueComputeApp */,
				832CBC591CFEA27600601D5C /* Products */,
				F9421487247B4B3CCD3D2B4F /* Frameworks */,
				72839788D8E67BCCF4194CAD /* Pods */,
			);
			sourceTree = "<group>";
		};
		832CBC591CFEA27600601D5C /* Products */ = {
			isa = PBXGroup;
			children = (
				832CBC581CFEA27600601D5C /* BlueComputeApp.app */,
			);
			name = Products;
			sourceTree = "<group>";
		};
		832CBC5A1CFEA27600601D5C /* BlueComputeApp */ = {
			isa = PBXGroup;
			children = (
				8850F8E81D0B79D70038924E /* Item.swift */,
				88BA54551D00C3A10013A68F /* Supporting Files */,
				832CBC5B1CFEA27600601D5C /* AppDelegate.swift */,
				832CBC5F1CFEA27600601D5C /* Main.storyboard */,
				832CBC621CFEA27600601D5C /* Assets.xcassets */,
				832CBC641CFEA27600601D5C /* LaunchScreen.storyboard */,
				832CBC6D1CFF3BC200601D5C /* ItemsViewController.swift */,
				83D911811CFF88AC00AD98E3 /* ItemCell.swift */,
				83D911831CFF9ACB00AD98E3 /* DetailViewController.swift */,
				83D911871CFFC54D00AD98E3 /* Review.swift */,
				83D911891CFFCF1200AD98E3 /* ReviewCell.swift */,
				83D9118B1D00799700AD98E3 /* AddReviewController.swift */,
				88BA545A1D06640E0013A68F /* ApicConfig.swift */,
				88BE50881D066AC30094A262 /* ApicOAuth2Module.swift */,
			);
			path = BlueComputeApp;
			sourceTree = "<group>";
		};
		83D9118D1D00815700AD98E3 /* AeroGearHttp */ = {
			isa = PBXGroup;
			children = (
				83D9118E1D00815700AD98E3 /* AuthzModule.swift */,
				83D9118F1D00815700AD98E3 /* Http.swift */,
				83D911901D00815700AD98E3 /* HttpRequestSerializer.swift */,
				83D911911D00815700AD98E3 /* JsonRequestSerializer.swift */,
				83D911921D00815700AD98E3 /* JsonResponseSerializer.swift */,
				83D911931D00815700AD98E3 /* MultiPartData.swift */,
				83D911941D00815700AD98E3 /* RequestSerializer.swift */,
				83D911951D00815700AD98E3 /* ResponseSerializer.swift */,
				83D911961D00815700AD98E3 /* StringResponseSerializer.swift */,
				83D911971D00815700AD98E3 /* Utils.swift */,
			);
			path = AeroGearHttp;
			sourceTree = "<group>";
		};
		83D911981D00815700AD98E3 /* AeroGearOAuth2 */ = {
			isa = PBXGroup;
			children = (
				83D911991D00815700AD98E3 /* AccountManager.swift */,
				83D9119A1D00815700AD98E3 /* Config.swift */,
				83D9119B1D00815700AD98E3 /* DateUtils.swift */,
				83D9119C1D00815700AD98E3 /* FacebookOAuth2Module.swift */,
				83D9119D1D00815700AD98E3 /* KeycloakOAuth2Module.swift */,
				83D9119E1D00815700AD98E3 /* OAuth2Module.swift */,
				83D9119F1D00815700AD98E3 /* OAuth2Session.swift */,
				83D911A01D00815700AD98E3 /* OAuth2WebViewController.swift */,
				83D911A11D00815700AD98E3 /* OpenIDClaim.swift */,
				83D911A21D00815700AD98E3 /* TrustedPersistantOAuth2Session.swift */,
				83D911A31D00815700AD98E3 /* UntrustedMemoryOAuth2Session.swift */,
			);
			path = AeroGearOAuth2;
			sourceTree = "<group>";
		};
		83D911A41D00815700AD98E3 /* Cosmos */ = {
			isa = PBXGroup;
			children = (
				83D911A51D00815700AD98E3 /* CosmosDistrib.swift */,
			);
			path = Cosmos;
			sourceTree = "<group>";
		};
		88BA54551D00C3A10013A68F /* Supporting Files */ = {
			isa = PBXGroup;
			children = (
				832CBC671CFEA27600601D5C /* Info.plist */,
				88BA54581D00C4030013A68F /* Config.plist */,
			);
			name = "Supporting Files";
			sourceTree = "<group>";
		};
		F9421487247B4B3CCD3D2B4F /* Frameworks */ = {
			isa = PBXGroup;
			children = (
				88BFD22C1D75CE66008382B1 /* BMSAnalyticsAPI.framework */,
				88BFD22D1D75CE66008382B1 /* BMSCore.framework */,
				88ED9F151D75CAFC0029021D /* BMSAnalytics.framework */,
				88ED9F161D75CAFC0029021D /* BMSAnalyticsAPI.framework */,
				88ED9F171D75CAFC0029021D /* BMSCore.framework */,
				37FEFBC0961B9BB4C74B863D /* Pods_BlueComputeApp.framework */,
			);
			name = Frameworks;
			sourceTree = "<group>";
		};
/* End PBXGroup section */

/* Begin PBXNativeTarget section */
		832CBC571CFEA27600601D5C /* BlueComputeApp */ = {
			isa = PBXNativeTarget;
			buildConfigurationList = 832CBC6A1CFEA27600601D5C /* Build configuration list for PBXNativeTarget "BlueComputeApp" */;
			buildPhases = (
				7F859105AC9ECC09ADF0C4D2 /* [CP] Check Pods Manifest.lock */,
				832CBC541CFEA27600601D5C /* Sources */,
				832CBC551CFEA27600601D5C /* Frameworks */,
				832CBC561CFEA27600601D5C /* Resources */,
				D58E64D1E95E67166AA8EA2A /* [CP] Embed Pods Frameworks */,
				6FEC35837B64B66805F1A596 /* [CP] Copy Pods Resources */,
			);
			buildRules = (
			);
			dependencies = (
			);
			name = BlueComputeApp;
			productName = BlueComputeApp;
			productReference = 832CBC581CFEA27600601D5C /* BlueComputeApp.app */;
			productType = "com.apple.product-type.application";
		};
/* End PBXNativeTarget section */

/* Begin PBXProject section */
		832CBC501CFEA27600601D5C /* Project object */ = {
			isa = PBXProject;
			attributes = {
				LastSwiftUpdateCheck = 0730;
				LastUpgradeCheck = 0820;
				ORGANIZATIONNAME = IBM;
				TargetAttributes = {
					832CBC571CFEA27600601D5C = {
						CreatedOnToolsVersion = 7.3;
					};
				};
			};
			buildConfigurationList = 832CBC531CFEA27600601D5C /* Build configuration list for PBXProject "BlueComputeApp" */;
			compatibilityVersion = "Xcode 3.2";
			developmentRegion = English;
			hasScannedForEncodings = 0;
			knownRegions = (
				en,
				Base,
			);
			mainGroup = 832CBC4F1CFEA27600601D5C;
			productRefGroup = 832CBC591CFEA27600601D5C /* Products */;
			projectDirPath = "";
			projectRoot = "";
			targets = (
				832CBC571CFEA27600601D5C /* BlueComputeApp */,
			);
		};
/* End PBXProject section */

/* Begin PBXResourcesBuildPhase section */
		832CBC561CFEA27600601D5C /* Resources */ = {
			isa = PBXResourcesBuildPhase;
			buildActionMask = 2147483647;
			files = (
				832CBC661CFEA27600601D5C /* LaunchScreen.storyboard in Resources */,
				832CBC631CFEA27600601D5C /* Assets.xcassets in Resources */,
				832CBC611CFEA27600601D5C /* Main.storyboard in Resources */,
				88BA54591D00C4030013A68F /* Config.plist in Resources */,
			);
			runOnlyForDeploymentPostprocessing = 0;
		};
/* End PBXResourcesBuildPhase section */

/* Begin PBXShellScriptBuildPhase section */
		6FEC35837B64B66805F1A596 /* [CP] Copy Pods Resources */ = {
			isa = PBXShellScriptBuildPhase;
			buildActionMask = 2147483647;
			files = (
			);
			inputPaths = (
			);
			name = "[CP] Copy Pods Resources";
			outputPaths = (
			);
			runOnlyForDeploymentPostprocessing = 0;
			shellPath = /bin/sh;
			shellScript = "\"${SRCROOT}/Pods/Target Support Files/Pods-BlueComputeApp/Pods-BlueComputeApp-resources.sh\"\n";
			showEnvVarsInLog = 0;
		};
		7F859105AC9ECC09ADF0C4D2 /* [CP] Check Pods Manifest.lock */ = {
			isa = PBXShellScriptBuildPhase;
			buildActionMask = 2147483647;
			files = (
			);
			inputPaths = (
			);
			name = "[CP] Check Pods Manifest.lock";
			outputPaths = (
			);
			runOnlyForDeploymentPostprocessing = 0;
			shellPath = /bin/sh;
			shellScript = "diff \"${PODS_ROOT}/../Podfile.lock\" \"${PODS_ROOT}/Manifest.lock\" > /dev/null\nif [ $? != 0 ] ; then\n    # print error to STDERR\n    echo \"error: The sandbox is not in sync with the Podfile.lock. Run 'pod install' or update your CocoaPods installation.\" >&2\n    exit 1\nfi\n";
			showEnvVarsInLog = 0;
		};
		D58E64D1E95E67166AA8EA2A /* [CP] Embed Pods Frameworks */ = {
			isa = PBXShellScriptBuildPhase;
			buildActionMask = 2147483647;
			files = (
			);
			inputPaths = (
			);
			name = "[CP] Embed Pods Frameworks";
			outputPaths = (
			);
			runOnlyForDeploymentPostprocessing = 0;
			shellPath = /bin/sh;
			shellScript = "\"${SRCROOT}/Pods/Target Support Files/Pods-BlueComputeApp/Pods-BlueComputeApp-frameworks.sh\"\n";
			showEnvVarsInLog = 0;
		};
/* End PBXShellScriptBuildPhase section */

/* Begin PBXSourcesBuildPhase section */
		832CBC541CFEA27600601D5C /* Sources */ = {
			isa = PBXSourcesBuildPhase;
			buildActionMask = 2147483647;
			files = (
				83D911AC1D00815700AD98E3 /* RequestSerializer.swift in Sources */,
				83D911821CFF88AC00AD98E3 /* ItemCell.swift in Sources */,
				83D911B91D00815700AD98E3 /* TrustedPersistantOAuth2Session.swift in Sources */,
				83D911B31D00815700AD98E3 /* FacebookOAuth2Module.swift in Sources */,
				83D911881CFFC54D00AD98E3 /* Review.swift in Sources */,
				88BA545B1D06640E0013A68F /* ApicConfig.swift in Sources */,
				88BE50891D066AC30094A262 /* ApicOAuth2Module.swift in Sources */,
				83D911B21D00815700AD98E3 /* DateUtils.swift in Sources */,
				83D9118C1D00799700AD98E3 /* AddReviewController.swift in Sources */,
				83D911841CFF9ACB00AD98E3 /* DetailViewController.swift in Sources */,
				83D911B61D00815700AD98E3 /* OAuth2Session.swift in Sources */,
				83D911A61D00815700AD98E3 /* AuthzModule.swift in Sources */,
				83D911B81D00815700AD98E3 /* OpenIDClaim.swift in Sources */,
				832CBC6E1CFF3BC200601D5C /* ItemsViewController.swift in Sources */,
				832CBC5C1CFEA27600601D5C /* AppDelegate.swift in Sources */,
				83D911AE1D00815700AD98E3 /* StringResponseSerializer.swift in Sources */,
				83D911AB1D00815700AD98E3 /* MultiPartData.swift in Sources */,
				83D911B71D00815700AD98E3 /* OAuth2WebViewController.swift in Sources */,
				83D911AF1D00815700AD98E3 /* Utils.swift in Sources */,
				83D911AA1D00815700AD98E3 /* JsonResponseSerializer.swift in Sources */,
				8850F8E91D0B79D70038924E /* Item.swift in Sources */,
				83D9118A1CFFCF1200AD98E3 /* ReviewCell.swift in Sources */,
				83D911BA1D00815700AD98E3 /* UntrustedMemoryOAuth2Session.swift in Sources */,
				83D911B01D00815700AD98E3 /* AccountManager.swift in Sources */,
				83D911AD1D00815700AD98E3 /* ResponseSerializer.swift in Sources */,
				83D911BB1D00815700AD98E3 /* CosmosDistrib.swift in Sources */,
				83D911A81D00815700AD98E3 /* HttpRequestSerializer.swift in Sources */,
				83D911B41D00815700AD98E3 /* KeycloakOAuth2Module.swift in Sources */,
				83D911B11D00815700AD98E3 /* Config.swift in Sources */,
				83D911A71D00815700AD98E3 /* Http.swift in Sources */,
				83D911B51D00815700AD98E3 /* OAuth2Module.swift in Sources */,
				83D911A91D00815700AD98E3 /* JsonRequestSerializer.swift in Sources */,
			);
			runOnlyForDeploymentPostprocessing = 0;
		};
/* End PBXSourcesBuildPhase section */

/* Begin PBXVariantGroup section */
		832CBC5F1CFEA27600601D5C /* Main.storyboard */ = {
			isa = PBXVariantGroup;
			children = (
				832CBC601CFEA27600601D5C /* Base */,
			);
			name = Main.storyboard;
			sourceTree = "<group>";
		};
		832CBC641CFEA27600601D5C /* LaunchScreen.storyboard */ = {
			isa = PBXVariantGroup;
			children = (
				832CBC651CFEA27600601D5C /* Base */,
			);
			name = LaunchScreen.storyboard;
			sourceTree = "<group>";
		};
/* End PBXVariantGroup section */

/* Begin XCBuildConfiguration section */
		832CBC681CFEA27600601D5C /* Debug */ = {
			isa = XCBuildConfiguration;
			buildSettings = {
				ALWAYS_SEARCH_USER_PATHS = NO;
				CLANG_ANALYZER_NONNULL = YES;
				CLANG_CXX_LANGUAGE_STANDARD = "gnu++0x";
				CLANG_CXX_LIBRARY = "libc++";
				CLANG_ENABLE_MODULES = YES;
				CLANG_ENABLE_OBJC_ARC = YES;
				CLANG_WARN_BOOL_CONVERSION = YES;
				CLANG_WARN_CONSTANT_CONVERSION = YES;
				CLANG_WARN_DIRECT_OBJC_ISA_USAGE = YES_ERROR;
				CLANG_WARN_EMPTY_BODY = YES;
				CLANG_WARN_ENUM_CONVERSION = YES;
				CLANG_WARN_INFINITE_RECURSION = YES;
				CLANG_WARN_INT_CONVERSION = YES;
				CLANG_WARN_OBJC_ROOT_CLASS = YES_ERROR;
				CLANG_WARN_SUSPICIOUS_MOVE = YES;
				CLANG_WARN_UNREACHABLE_CODE = YES;
				CLANG_WARN__DUPLICATE_METHOD_MATCH = YES;
				"CODE_SIGN_IDENTITY[sdk=iphoneos*]" = "iPhone Developer";
				COPY_PHASE_STRIP = NO;
				DEBUG_INFORMATION_FORMAT = dwarf;
				ENABLE_STRICT_OBJC_MSGSEND = YES;
				ENABLE_TESTABILITY = YES;
				GCC_C_LANGUAGE_STANDARD = gnu99;
				GCC_DYNAMIC_NO_PIC = NO;
				GCC_NO_COMMON_BLOCKS = YES;
				GCC_OPTIMIZATION_LEVEL = 0;
				GCC_PREPROCESSOR_DEFINITIONS = (
					"DEBUG=1",
					"$(inherited)",
				);
				GCC_WARN_64_TO_32_BIT_CONVERSION = YES;
				GCC_WARN_ABOUT_RETURN_TYPE = YES_ERROR;
				GCC_WARN_UNDECLARED_SELECTOR = YES;
				GCC_WARN_UNINITIALIZED_AUTOS = YES_AGGRESSIVE;
				GCC_WARN_UNUSED_FUNCTION = YES;
				GCC_WARN_UNUSED_VARIABLE = YES;
				IPHONEOS_DEPLOYMENT_TARGET = 9.3;
				MTL_ENABLE_DEBUG_INFO = YES;
				ONLY_ACTIVE_ARCH = YES;
				SDKROOT = iphoneos;
				SWIFT_OPTIMIZATION_LEVEL = "-Onone";
			};
			name = Debug;
		};
		832CBC691CFEA27600601D5C /* Release */ = {
			isa = XCBuildConfiguration;
			buildSettings = {
				ALWAYS_SEARCH_USER_PATHS = NO;
				CLANG_ANALYZER_NONNULL = YES;
				CLANG_CXX_LANGUAGE_STANDARD = "gnu++0x";
				CLANG_CXX_LIBRARY = "libc++";
				CLANG_ENABLE_MODULES = YES;
				CLANG_ENABLE_OBJC_ARC = YES;
				CLANG_WARN_BOOL_CONVERSION = YES;
				CLANG_WARN_CONSTANT_CONVERSION = YES;
				CLANG_WARN_DIRECT_OBJC_ISA_USAGE = YES_ERROR;
				CLANG_WARN_EMPTY_BODY = YES;
				CLANG_WARN_ENUM_CONVERSION = YES;
				CLANG_WARN_INFINITE_RECURSION = YES;
				CLANG_WARN_INT_CONVERSION = YES;
				CLANG_WARN_OBJC_ROOT_CLASS = YES_ERROR;
				CLANG_WARN_SUSPICIOUS_MOVE = YES;
				CLANG_WARN_UNREACHABLE_CODE = YES;
				CLANG_WARN__DUPLICATE_METHOD_MATCH = YES;
				"CODE_SIGN_IDENTITY[sdk=iphoneos*]" = "iPhone Developer";
				COPY_PHASE_STRIP = NO;
				DEBUG_INFORMATION_FORMAT = "dwarf-with-dsym";
				ENABLE_NS_ASSERTIONS = NO;
				ENABLE_STRICT_OBJC_MSGSEND = YES;
				GCC_C_LANGUAGE_STANDARD = gnu99;
				GCC_NO_COMMON_BLOCKS = YES;
				GCC_WARN_64_TO_32_BIT_CONVERSION = YES;
				GCC_WARN_ABOUT_RETURN_TYPE = YES_ERROR;
				GCC_WARN_UNDECLARED_SELECTOR = YES;
				GCC_WARN_UNINITIALIZED_AUTOS = YES_AGGRESSIVE;
				GCC_WARN_UNUSED_FUNCTION = YES;
				GCC_WARN_UNUSED_VARIABLE = YES;
				IPHONEOS_DEPLOYMENT_TARGET = 9.3;
				MTL_ENABLE_DEBUG_INFO = NO;
				SDKROOT = iphoneos;
				SWIFT_OPTIMIZATION_LEVEL = "-Owholemodule";
				VALIDATE_PRODUCT = YES;
			};
			name = Release;
		};
		832CBC6B1CFEA27600601D5C /* Debug */ = {
			isa = XCBuildConfiguration;
			baseConfigurationReference = 8AB58A0A684583655A8CA428 /* Pods-BlueComputeApp.debug.xcconfig */;
			buildSettings = {
				ALWAYS_EMBED_SWIFT_STANDARD_LIBRARIES = "$(inherited)";
				ASSETCATALOG_COMPILER_APPICON_NAME = AppIcon;
				FRAMEWORK_SEARCH_PATHS = (
					"$(inherited)",
					"$(PROJECT_DIR)/build/Debug-iphoneos",
					"$(PROJECT_DIR)/build/Debug-iphoneos/BMSAnalyticsAPI",
					"$(PROJECT_DIR)/build/Debug-iphoneos/BMSCore",
				);
				INFOPLIST_FILE = BlueComputeApp/Info.plist;
				IPHONEOS_DEPLOYMENT_TARGET = 9.2;
				LD_RUNPATH_SEARCH_PATHS = "$(inherited) @executable_path/Frameworks";
				PRODUCT_BUNDLE_IDENTIFIER = com.ibm.BlueComputeApp;
				PRODUCT_NAME = BlueComputeApp;
				SWIFT_VERSION = 2.3;
			};
			name = Debug;
		};
		832CBC6C1CFEA27600601D5C /* Release */ = {
			isa = XCBuildConfiguration;
			baseConfigurationReference = 095987BC70B5DCE3E44F26B3 /* Pods-BlueComputeApp.release.xcconfig */;
			buildSettings = {
				ALWAYS_EMBED_SWIFT_STANDARD_LIBRARIES = "$(inherited)";
				ASSETCATALOG_COMPILER_APPICON_NAME = AppIcon;
				FRAMEWORK_SEARCH_PATHS = (
					"$(inherited)",
					"$(PROJECT_DIR)/build/Debug-iphoneos",
					"$(PROJECT_DIR)/build/Debug-iphoneos/BMSAnalyticsAPI",
					"$(PROJECT_DIR)/build/Debug-iphoneos/BMSCore",
				);
				INFOPLIST_FILE = BlueComputeApp/Info.plist;
				IPHONEOS_DEPLOYMENT_TARGET = 9.2;
				LD_RUNPATH_SEARCH_PATHS = "$(inherited) @executable_path/Frameworks";
				PRODUCT_BUNDLE_IDENTIFIER = com.ibm.BlueComputeApp;
				PRODUCT_NAME = BlueComputeApp;
				SWIFT_VERSION = 2.3;
			};
			name = Release;
		};
/* End XCBuildConfiguration section */

/* Begin XCConfigurationList section */
		832CBC531CFEA27600601D5C /* Build configuration list for PBXProject "BlueComputeApp" */ = {
			isa = XCConfigurationList;
			buildConfigurations = (
				832CBC681CFEA27600601D5C /* Debug */,
				832CBC691CFEA27600601D5C /* Release */,
			);
			defaultConfigurationIsVisible = 0;
			defaultConfigurationName = Release;
		};
		832CBC6A1CFEA27600601D5C /* Build configuration list for PBXNativeTarget "BlueComputeApp" */ = {
			isa = XCConfigurationList;
			buildConfigurations = (
				832CBC6B1CFEA27600601D5C /* Debug */,
				832CBC6C1CFEA27600601D5C /* Release */,
			);
			defaultConfigurationIsVisible = 0;
			defaultConfigurationName = Release;
		};
/* End XCConfigurationList section */
	};
	rootObject = 832CBC501CFEA27600601D5C /* Project object */;
}
