PODS:
  - BMSAnalytics (2.2.0):
    - BMSCore (~> 2.1)
  - BMSAnalyticsAPI (2.2.0)
  - BMSCore (2.2.0):
    - BMSAnalyticsAPI (~> 2.2)

DEPENDENCIES:
  - BMSAnalytics
  - BMSCore

SPEC CHECKSUMS:
  BMSAnalytics: 58ceebea7d929db5811b9e3c51282480b39622c2
  BMSAnalyticsAPI: 2dae02bc3321b944ae947a7d2f0f009d8035f8e7
  BMSCore: 13febb1f39d0dff611d453bd0b75349bbbe1eba0

PODFILE CHECKSUM: 4fd7dde5841c293d22aa864f7176d6264f718b52

COCOAPODS: 1.1.1
