PODS:
  - BMSAnalytics (2.2.0):
    - BMSCore (~> 2.1)
  - BMSAnalyticsAPI (2.2.0)
  - BMSCore (2.2.0):
    - BMSAnalyticsAPI (~> 2.2)
  - KFSwiftImageLoader (2.0.1)
  - PKHUD (3.2.1)

DEPENDENCIES:
  - BMSAnalytics
  - BMSCore
  - KFSwiftImageLoader (= 2.0.1)
  - PKHUD (~> 3.0)

SPEC CHECKSUMS:
  BMSAnalytics: 58ceebea7d929db5811b9e3c51282480b39622c2
  BMSAnalyticsAPI: 2dae02bc3321b944ae947a7d2f0f009d8035f8e7
  BMSCore: 13febb1f39d0dff611d453bd0b75349bbbe1eba0
  KFSwiftImageLoader: a2b8a33a89116c767e7af8d2c109e8c483037b19
  PKHUD: 001c11518f125a273ddf026bcc64918423744ea2

PODFILE CHECKSUM: 3c5bf2734f841471e373b79e44b64c75bd6de4f0

COCOAPODS: 1.2.0
